{
  "name": "pipsqueak",
  "version": "2.7.0",
  "lockfileVersion": 3,
  "requires": true,
  "packages": {
    "": {
      "name": "pipsqueak",
      "version": "2.7.0",
      "license": "ISC",
      "dependencies": {
        "debug": "^4.4.3",
        "forward-events": "0.0.1",
        "parse-duration": "^2.1.9"
      },
      "devDependencies": {
        "@biomejs/biome": "^2.5.15",
        "lefthook": "^2.2.1"
      },
      "engines": {
        "node": ">=22"
      }
    },
    "node_modules/@biomejs/biome": {
      "version": "2.5.15",
      "resolved": "https://registry.npmjs.org/@biomejs/biome/-/biome-2.5.15.tgz",
      "integrity": "sha512-WZTW4slm/pdkh92K6t/3aEN++44JD1PQ7squ7RCMLI1flHGl43DVOIGXvCjHiZgBMO1V4uYxoFNtqrIA4qGuIQ==",
      "dev": true,
      "license": "MIT OR Apache-2.0",
      "bin": {
        "biome": "bin/biome"
      },
      "engines": {
        "node": ">=14.21.3"
      },
      "funding": {
        "type": "opencollective",
        "url": "https://opencollective.com/biome"
      },
      "optionalDependencies": {
        "@biomejs/cli-darwin-arm64": "2.5.15",
        "@biomejs/cli-darwin-x64": "2.5.15",
        "@biomejs/cli-linux-arm64": "2.5.15",
        "@biomejs/cli-linux-arm64-musl": "2.5.15",
        "@biomejs/cli-linux-x64": "2.5.15",
        "@biomejs/cli-linux-x64-musl": "2.5.15",
        "@biomejs/cli-win32-arm64": "2.5.15",
        "@biomejs/cli-win32-x64": "2.5.15"
      }
    },
    "node_modules/@biomejs/cli-darwin-arm64": {
      "version": "2.5.15",
      "resolved": "https://registry.npmjs.org/@biomejs/cli-darwin-arm64/-/cli-darwin-arm64-2.5.15.tgz",
      "integrity": "sha512-BZVzFhJ/mUvTLMYbc9x6el0o2Uv5zP7bACYyhFb6fSc1giroXm7PL0a5KqMJ9F+/BnkYRjagD/ROSDVOZ6eapg==",
      "cpu": [
        "arm64"
      ],
      "dev": true,
      "license": "MIT OR Apache-2.0",
      "optional": true,
      "os": [
        "darwin"
      ],
      "engines": {
        "node": ">=14.21.3"
      }
    },
    "node_modules/@biomejs/cli-darwin-x64": {
      "version": "2.5.15",
      "resolved": "https://registry.npmjs.org/@biomejs/cli-darwin-x64/-/cli-darwin-x64-2.5.15.tgz",
      "integrity": "sha512-V5Kw63V+fVGNFhFrizDxMbGXAzZCh8kYzJpy3GI6gTapWDg7bZK9oYC9CbVgQSEdTnupz0U5Efz8Ev+5vdBBXw==",
      "cpu": [
        "x64"
      ],
      "dev": true,
      "license": "MIT OR Apache-2.0",
      "optional": true,
      "os": [
        "darwin"
      ],
      "engines": {
        "node": ">=14.21.3"
      }
    },
    "node_modules/@biomejs/cli-linux-arm64": {
      "version": "2.5.15",
      "resolved": "https://registry.npmjs.org/@biomejs/cli-linux-arm64/-/cli-linux-arm64-2.5.15.tgz",
      "integrity": "sha512-XaG7P7eeSLYETD3K9grfB0mQmpLQZjygdbsxekWBJAg4am79fGAtRpfRyNnTvXB2fZFNnJZG3nXm7HBat0+VUw==",
      "cpu": [
        "arm64"
      ],
      "dev": true,
      "libc": [
        "glibc"
      ],
      "license": "MIT OR Apache-2.0",
      "optional": true,
      "os": [
        "linux"
      ],
      "engines": {
        "node": ">=14.21.3"
      }
    },
    "node_modules/@biomejs/cli-linux-arm64-musl": {
      "version": "2.5.15",
      "resolved": "https://registry.npmjs.org/@biomejs/cli-linux-arm64-musl/-/cli-linux-arm64-musl-2.5.15.tgz",
      "integrity": "sha512-tGzZUTcJCV7tj5Adh/Gn6nR4MycqA3iohq2LEcrarAgRBkU0h0OKd2UzCRkOsOYOuUGaUJb4YmqRqyy2feGGSw==",
      "cpu": [
        "arm64"
      ],
      "dev": true,
      "libc": [
        "musl"
      ],
      "license": "MIT OR Apache-2.0",
      "optional": true,
      "os": [
        "linux"
      ],
      "engines": {
        "node": ">=14.21.3"
      }
    },
    "node_modules/@biomejs/cli-linux-x64": {
      "version": "2.5.15",
      "resolved": "https://registry.npmjs.org/@biomejs/cli-linux-x64/-/cli-linux-x64-2.5.15.tgz",
      "integrity": "sha512-xE4iEW/3LqlYj9GFgGrFsFSH51dEEpUbYWBfeOv0q87WkUDxK2o/HhreSb7qMJqck70RVM6Lg96hgedcAYcOkA==",
      "cpu": [
        "x64"
      ],
      "dev": true,
      "libc": [
        "glibc"
      ],
      "license": "MIT OR Apache-2.0",
      "optional": true,
      "os": [
        "linux"
      ],
      "engines": {
        "node": ">=14.21.3"
      }
    },
    "node_modules/@biomejs/cli-linux-x64-musl": {
      "version": "2.5.15",
      "resolved": "https://registry.npmjs.org/@biomejs/cli-linux-x64-musl/-/cli-linux-x64-musl-2.5.15.tgz",
      "integrity": "sha512-IlxUcyxilVGPsE008x13pWdkTbU3nQpP2i9b5UrbOYj6goBkKsRX1XB7yJLcV+O1H9LBchIIm4adOaVLZBX0ZQ==",
      "cpu": [
        "x64"
      ],
      "dev": true,
      "libc": [
        "musl"
      ],
      "license": "MIT OR Apache-2.0",
      "optional": true,
      "os": [
        "linux"
      ],
      "engines": {
        "node": ">=14.21.3"
      }
    },
    "node_modules/@biomejs/cli-win32-arm64": {
      "version": "2.5.15",
      "resolved": "https://registry.npmjs.org/@biomejs/cli-win32-arm64/-/cli-win32-arm64-2.5.15.tgz",
      "integrity": "sha512-2kPKzhNlm8C+Ru3GcO0Me2ODkCBLrVOUNuyi84RJyWDVKAA4+Kjj3jMjL938lF6BRfvltC4vB2nPY9SvN51Ovg==",
      "cpu": [
        "arm64"
      ],
      "dev": true,
      "license": "MIT OR Apache-2.0",
      "optional": true,
      "os": [
        "win32"
      ],
      "engines": {
        "node": ">=14.21.3"
      }
    },
    "node_modules/@biomejs/cli-win32-x64": {
      "version": "2.5.15",
      "resolved": "https://registry.npmjs.org/@biomejs/cli-win32-x64/-/cli-win32-x64-2.5.15.tgz",
      "integrity": "sha512-yAzh4UqEImV6Hcy0zjUqNfJAsUhoD64FBQCdTG8Md/Z2wQeVP/ZmJ3XRYAs1g8J9fjTFyl2fCtc5FB5til47+g==",
      "cpu": [
        "x64"
      ],
      "dev": true,
      "license": "MIT OR Apache-2.0",
      "optional": true,
      "os": [
        "win32"
      ],
      "engines": {
        "node": ">=14.21.3"
      }
    },
    "node_modules/debug": {
      "version": "4.4.3",
      "resolved": "https://registry.npmjs.org/debug/-/debug-4.4.3.tgz",
      "integrity": "sha512-RGwwWnwQvkVfavKVt22FGLw+xYSdzARwm0ru6DhTVA3umU5hZc28V3kO4stgYryrTlLpuvgI9GiijltAjNbcqA==",
      "license": "MIT",
      "dependencies": {
        "ms": "^2.1.3"
      },
      "engines": {
        "node": ">=6.0"
      },
      "peerDependenciesMeta": {
        "supports-color": {
          "optional": true
        }
      }
    },
    "node_modules/forward-events": {
      "version": "0.0.1",
      "resolved": "https://registry.npmjs.org/forward-events/-/forward-events-0.0.1.tgz",
      "integrity": "sha1-dnRKF2XVLJOqnxVQeEdOLlAbeQI="
    },
    "node_modules/lefthook": {
      "version": "2.2.1",
      "resolved": "https://registry.npmjs.org/lefthook/-/lefthook-2.2.1.tgz",
      "integrity": "sha512-aKEwhQzGbLMkZu5vrFYKJzLvLVblWATYITmN7Ak4qRCDPCoFJhmeJZFuYf3nTXuqG9xTBE+J8xaAEPL2tpuWyw==",
      "dev": true,
      "hasInstallScript": true,
      "license": "MIT",
      "bin": {
        "lefthook": "bin/index.js"
      },
      "optionalDependencies": {
        "lefthook-darwin-arm64": "2.2.1",
        "lefthook-darwin-x64": "2.2.1",
        "lefthook-freebsd-arm64": "2.2.1",
        "lefthook-freebsd-x64": "2.2.1",
        "lefthook-linux-arm64": "2.2.1",
        "lefthook-linux-x64": "2.2.1",
        "lefthook-openbsd-arm64": "2.2.1",
        "lefthook-openbsd-x64": "2.2.1",
        "lefthook-windows-arm64": "2.2.1",
        "lefthook-windows-x64": "2.2.1"
      }
    },
    "node_modules/lefthook-darwin-arm64": {
      "version": "2.2.1",
      "resolved": "https://registry.npmjs.org/lefthook-darwin-arm64/-/lefthook-darwin-arm64-2.2.1.tgz",
      "integrity": "sha512-SyuDBT5HqNQfi607vMHrYJu45bRN7JoIFdyxLjEPVe34UnZJCesmeYBODEYTyCfRZjPOaTbton4Padu+qvqfCQ==",
      "cpu": [
        "arm64"
      ],
      "dev": true,
      "license": "MIT",
      "optional": true,
      "os": [
        "darwin"
      ]
    },
    "node_modules/lefthook-darwin-x64": {
      "version": "2.2.1",
      "resolved": "https://registry.npmjs.org/lefthook-darwin-x64/-/lefthook-darwin-x64-2.2.1.tgz",
      "integrity": "sha512-qkIdM89T3OxpLp9rssPSdRQ7QKkX0l07xWxxOaZfECn5iB2xVXSD9FQSjYUMNGXtJJWOGqdKqBngGTB/ShDZtQ==",
      "cpu": [
        "x64"
      ],
      "dev": true,
      "license": "MIT",
      "optional": true,
      "os": [
        "darwin"
      ]
    },
    "node_modules/lefthook-freebsd-arm64": {
      "version": "2.2.1",
      "resolved": "https://registry.npmjs.org/lefthook-freebsd-arm64/-/lefthook-freebsd-arm64-2.2.1.tgz",
      "integrity": "sha512-0jdr/9Q5cGuazrEVquv29AOD77aPc2jAmFU4EtqVVg3PhMJjAyt7bQeA9qdwHhaHhLnaeUZwMwo3IleVm+D4wg==",
      "cpu": [
        "arm64"
      ],
      "dev": true,
      "license": "MIT",
      "optional": true,
      "os": [
        "freebsd"
      ]
    },
    "node_modules/lefthook-freebsd-x64": {
      "version": "2.2.1",
      "resolved": "https://registry.npmjs.org/lefthook-freebsd-x64/-/lefthook-freebsd-x64-2.2.1.tgz",
      "integrity": "sha512-JFKyNZ9qQp9NsuFyAg/CJIBurIHX3AUayFXxuoDMATWAIhhlyK0YMtpWgEFIl1M2iGLBLQ3TiLoCCRnbwndNDg==",
      "cpu": [
        "x64"
      ],
      "dev": true,
      "license": "MIT",
      "optional": true,
      "os": [
        "freebsd"
      ]
    },
    "node_modules/lefthook-linux-arm64": {
      "version": "2.2.1",
      "resolved": "https://registry.npmjs.org/lefthook-linux-arm64/-/lefthook-linux-arm64-2.2.1.tgz",
      "integrity": "sha512-na8Ezm7pK44+WsQqj9tES7v8VseM1MrNeNJhUnM8eINV22KYptWam8evfjZxY3NYxOTwn6f/Zpe/BBvcLKMaTQ==",
      "cpu": [
        "arm64"
      ],
      "dev": true,
      "license": "MIT",
      "optional": true,
      "os": [
        "linux"
      ]
    },
    "node_modules/lefthook-linux-x64": {
      "version": "2.2.1",
      "resolved": "https://registry.npmjs.org/lefthook-linux-x64/-/lefthook-linux-x64-2.2.1.tgz",
      "integrity": "sha512-wl7CR5uNkOiZ38SkW4l9O6wf/Nllbkw90ZZonXRFkbgrnPjLMhZGUt9ucewsPwBQ/ckU1t08JuBHeOywB/CFow==",
      "cpu": [
        "x64"
      ],
      "dev": true,
      "license": "MIT",
      "optional": true,
      "os": [
        "linux"
      ]
    },
    "node_modules/lefthook-openbsd-arm64": {
      "version": "2.2.1",
      "resolved": "https://registry.npmjs.org/lefthook-openbsd-arm64/-/lefthook-openbsd-arm64-2.2.1.tgz",
      "integrity": "sha512-UFwL+AGSqkhQ15kuKl5FMRx/UqbcfcQbGFg5ggYzhT7qBOsTu3a9POXRxt3hsalBeMgkDWsv3IaPlj51YGpCAg==",
      "cpu": [
        "arm64"
      ],
      "dev": true,
      "license": "MIT",
      "optional": true,
      "os": [
        "openbsd"
      ]
    },
    "node_modules/lefthook-openbsd-x64": {
      "version": "2.2.1",
      "resolved": "https://registry.npmjs.org/lefthook-openbsd-x64/-/lefthook-openbsd-x64-2.2.1.tgz",
      "integrity": "sha512-IMKEuxJLo91C1yjhJ42EadfXUb3ECMkvTKpSt17kwaiyZsvvZ8LGdrXwQZiLNJt2M5ECuTVCQUvDimM6mGraOw==",
      "cpu": [
        "x64"
      ],
      "dev": true,
      "license": "MIT",
      "optional": true,
      "os": [
        "openbsd"
      ]
    },
    "node_modules/lefthook-windows-arm64": {
      "version": "2.2.1",
      "resolved": "https://registry.npmjs.org/lefthook-windows-arm64/-/lefthook-windows-arm64-2.2.1.tgz",
      "integrity": "sha512-Pi8vOvObjg8HJDl8d96s7jsI6TN33klpqv6tXSXpoKEeoAwEh5Y9NawO6bzoOpLfAxf2SfMBcuaBzFQ5zE2gjA==",
      "cpu": [
        "arm64"
      ],
      "dev": true,
      "license": "MIT",
      "optional": true,
      "os": [
        "win32"
      ]
    },
    "node_modules/lefthook-windows-x64": {
      "version": "2.2.1",
      "resolved": "https://registry.npmjs.org/lefthook-windows-x64/-/lefthook-windows-x64-2.2.1.tgz",
      "integrity": "sha512-7FtuPrc1XzxIFLAbzneOF1hr9r/vGi2lcMpX14QG9d/mnLhwu4EyNBh48JNEqsQqrOB9QKavsNqxVl1e8zcukA==",
      "cpu": [
        "x64"
      ],
      "dev": true,
      "license": "MIT",
      "optional": true,
      "os": [
        "win32"
      ]
    },
    "node_modules/ms": {
      "version": "2.1.3",
      "resolved": "https://registry.npmjs.org/ms/-/ms-2.1.3.tgz",
      "integrity": "sha512-6FlzubTLZG3J2a/NVCAleEhjzq5oxgHyaCU9yYXvcLsvoVaHJq/s5xXI6/XXP6tz7R9xAOtHnSO/tXtF3WRTlA==",
      "license": "MIT"
    },
    "node_modules/parse-duration": {
      "version": "2.1.9",
      "resolved": "https://registry.npmjs.org/parse-duration/-/parse-duration-2.1.9.tgz",
      "integrity": "sha512-q73c2djLx0fPIEcnW4Eb9LBZnH+NunMUzKh3/UwHyMz8LKxd4hF0OVq3nap8x0AevX1QEyCojF7QO/vAb6PFiA==",
      "license": "MIT"
    }
  }
}
